
Microsoft Visual Studio Solution File, Format Version 12.00
# Visual Studio 15
VisualStudioVersion = 15.0.27130.2010
MinimumVisualStudioVersion = 10.0.40219.1
Project("{8BC9CEB8-8B4A-11D0-8D11-00A0C91BC942}") = "foo_drpc", "foo_drpc\foo_drpc.vcxproj", "{CC272D9D-8B6A-43D0-AA2E-9F46B0D07C38}"
	ProjectSection(ProjectDependencies) = postProject
		{E8091321-D79D-4575-86EF-064EA1A4A20D} = {E8091321-D79D-4575-86EF-064EA1A4A20D}
		{EE47764E-A202-4F85-A767-ABDAB4AFF35F} = {EE47764E-A202-4F85-A767-ABDAB4AFF35F}
		{EBFFFB4E-261D-44D3-B89C-957B31A0BF9C} = {EBFFFB4E-261D-44D3-B89C-957B31A0BF9C}
		{71AD2674-065B-48F5-B8B0-E1F9D3892081} = {71AD2674-065B-48F5-B8B0-E1F9D3892081}
		{F1E339AF-9BF5-3163-BDD6-7F4338AE4E19} = {F1E339AF-9BF5-3163-BDD6-7F4338AE4E19}
	EndProjectSection
EndProject
Project("{8BC9CEB8-8B4A-11D0-8D11-00A0C91BC942}") = "discord-rpc", "discord-rpc\src\discord-rpc.vcxproj", "{F1E339AF-9BF5-3163-BDD6-7F4338AE4E19}"
EndProject
Project("{8BC9CEB8-8B4A-11D0-8D11-00A0C91BC942}") = "pfc", "pfc\pfc.vcxproj", "{EBFFFB4E-261D-44D3-B89C-957B31A0BF9C}"
EndProject
Project("{8BC9CEB8-8B4A-11D0-8D11-00A0C91BC942}") = "foobar2000_component_client", "foobar2000-sdk\foobar2000_component_client\foobar2000_component_client.vcxproj", "{71AD2674-065B-48F5-B8B0-E1F9D3892081}"
EndProject
Project("{8BC9CEB8-8B4A-11D0-8D11-00A0C91BC942}") = "foobar2000_sdk_helpers", "foobar2000-sdk\helpers\foobar2000_sdk_helpers.vcxproj", "{EE47764E-A202-4F85-A767-ABDAB4AFF35F}"
EndProject
Project("{8BC9CEB8-8B4A-11D0-8D11-00A0C91BC942}") = "foobar2000_SDK", "foobar2000-sdk\SDK\foobar2000_SDK.vcxproj", "{E8091321-D79D-4575-86EF-064EA1A4A20D}"
EndProject
Global
	GlobalSection(SolutionConfigurationPlatforms) = preSolution
		Debug|Win32 = Debug|Win32
		Debug|x64 = Debug|x64
		MinSizeRel|Win32 = MinSizeRel|Win32
		MinSizeRel|x64 = MinSizeRel|x64
		Release|Win32 = Release|Win32
		Release|x64 = Release|x64
		RelWithDebInfo|Win32 = RelWithDebInfo|Win32
		RelWithDebInfo|x64 = RelWithDebInfo|x64
	EndGlobalSection
	GlobalSection(ProjectConfigurationPlatforms) = postSolution
		{CC272D9D-8B6A-43D0-AA2E-9F46B0D07C38}.Debug|Win32.ActiveCfg = Debug|Win32
		{CC272D9D-8B6A-43D0-AA2E-9F46B0D07C38}.Debug|Win32.Build.0 = Debug|Win32
		{CC272D9D-8B6A-43D0-AA2E-9F46B0D07C38}.Debug|x64.ActiveCfg = Debug|Win32
		{CC272D9D-8B6A-43D0-AA2E-9F46B0D07C38}.MinSizeRel|Win32.ActiveCfg = Release|Win32
		{CC272D9D-8B6A-43D0-AA2E-9F46B0D07C38}.MinSizeRel|Win32.Build.0 = Release|Win32
		{CC272D9D-8B6A-43D0-AA2E-9F46B0D07C38}.MinSizeRel|x64.ActiveCfg = Release|Win32
		{CC272D9D-8B6A-43D0-AA2E-9F46B0D07C38}.MinSizeRel|x64.Build.0 = Release|Win32
		{CC272D9D-8B6A-43D0-AA2E-9F46B0D07C38}.Release|Win32.ActiveCfg = Release|Win32
		{CC272D9D-8B6A-43D0-AA2E-9F46B0D07C38}.Release|Win32.Build.0 = Release|Win32
		{CC272D9D-8B6A-43D0-AA2E-9F46B0D07C38}.Release|x64.ActiveCfg = Release|Win32
		{CC272D9D-8B6A-43D0-AA2E-9F46B0D07C38}.RelWithDebInfo|Win32.ActiveCfg = Release|Win32
		{CC272D9D-8B6A-43D0-AA2E-9F46B0D07C38}.RelWithDebInfo|Win32.Build.0 = Release|Win32
		{CC272D9D-8B6A-43D0-AA2E-9F46B0D07C38}.RelWithDebInfo|x64.ActiveCfg = Release|Win32
		{CC272D9D-8B6A-43D0-AA2E-9F46B0D07C38}.RelWithDebInfo|x64.Build.0 = Release|Win32
		{F1E339AF-9BF5-3163-BDD6-7F4338AE4E19}.Debug|Win32.ActiveCfg = Debug|Win32
		{F1E339AF-9BF5-3163-BDD6-7F4338AE4E19}.Debug|Win32.Build.0 = Debug|Win32
		{F1E339AF-9BF5-3163-BDD6-7F4338AE4E19}.Debug|x64.ActiveCfg = Debug|Win32
		{F1E339AF-9BF5-3163-BDD6-7F4338AE4E19}.MinSizeRel|Win32.ActiveCfg = MinSizeRel|Win32
		{F1E339AF-9BF5-3163-BDD6-7F4338AE4E19}.MinSizeRel|Win32.Build.0 = MinSizeRel|Win32
		{F1E339AF-9BF5-3163-BDD6-7F4338AE4E19}.MinSizeRel|x64.ActiveCfg = MinSizeRel|Win32
		{F1E339AF-9BF5-3163-BDD6-7F4338AE4E19}.Release|Win32.ActiveCfg = Release|Win32
		{F1E339AF-9BF5-3163-BDD6-7F4338AE4E19}.Release|Win32.Build.0 = Release|Win32
		{F1E339AF-9BF5-3163-BDD6-7F4338AE4E19}.Release|x64.ActiveCfg = Release|Win32
		{F1E339AF-9BF5-3163-BDD6-7F4338AE4E19}.RelWithDebInfo|Win32.ActiveCfg = RelWithDebInfo|Win32
		{F1E339AF-9BF5-3163-BDD6-7F4338AE4E19}.RelWithDebInfo|Win32.Build.0 = RelWithDebInfo|Win32
		{F1E339AF-9BF5-3163-BDD6-7F4338AE4E19}.RelWithDebInfo|x64.ActiveCfg = RelWithDebInfo|Win32
		{EBFFFB4E-261D-44D3-B89C-957B31A0BF9C}.Debug|Win32.ActiveCfg = Debug|Win32
		{EBFFFB4E-261D-44D3-B89C-957B31A0BF9C}.Debug|Win32.Build.0 = Debug|Win32
		{EBFFFB4E-261D-44D3-B89C-957B31A0BF9C}.Debug|x64.ActiveCfg = Debug|Win32
		{EBFFFB4E-261D-44D3-B89C-957B31A0BF9C}.MinSizeRel|Win32.ActiveCfg = Release|Win32
		{EBFFFB4E-261D-44D3-B89C-957B31A0BF9C}.MinSizeRel|Win32.Build.0 = Release|Win32
		{EBFFFB4E-261D-44D3-B89C-957B31A0BF9C}.MinSizeRel|x64.ActiveCfg = Release|Win32
		{EBFFFB4E-261D-44D3-B89C-957B31A0BF9C}.MinSizeRel|x64.Build.0 = Release|Win32
		{EBFFFB4E-261D-44D3-B89C-957B31A0BF9C}.Release|Win32.ActiveCfg = Release|Win32
		{EBFFFB4E-261D-44D3-B89C-957B31A0BF9C}.Release|Win32.Build.0 = Release|Win32
		{EBFFFB4E-261D-44D3-B89C-957B31A0BF9C}.Release|x64.ActiveCfg = Release|Win32
		{EBFFFB4E-261D-44D3-B89C-957B31A0BF9C}.RelWithDebInfo|Win32.ActiveCfg = Release|Win32
		{EBFFFB4E-261D-44D3-B89C-957B31A0BF9C}.RelWithDebInfo|Win32.Build.0 = Release|Win32
		{EBFFFB4E-261D-44D3-B89C-957B31A0BF9C}.RelWithDebInfo|x64.ActiveCfg = Release|Win32
		{EBFFFB4E-261D-44D3-B89C-957B31A0BF9C}.RelWithDebInfo|x64.Build.0 = Release|Win32
		{71AD2674-065B-48F5-B8B0-E1F9D3892081}.Debug|Win32.ActiveCfg = Debug|Win32
		{71AD2674-065B-48F5-B8B0-E1F9D3892081}.Debug|Win32.Build.0 = Debug|Win32
		{71AD2674-065B-48F5-B8B0-E1F9D3892081}.Debug|x64.ActiveCfg = Debug|x64
		{71AD2674-065B-48F5-B8B0-E1F9D3892081}.Debug|x64.Build.0 = Debug|x64
		{71AD2674-065B-48F5-B8B0-E1F9D3892081}.MinSizeRel|Win32.ActiveCfg = Release|Win32
		{71AD2674-065B-48F5-B8B0-E1F9D3892081}.MinSizeRel|Win32.Build.0 = Release|Win32
		{71AD2674-065B-48F5-B8B0-E1F9D3892081}.MinSizeRel|x64.ActiveCfg = Release|x64
		{71AD2674-065B-48F5-B8B0-E1F9D3892081}.MinSizeRel|x64.Build.0 = Release|x64
		{71AD2674-065B-48F5-B8B0-E1F9D3892081}.Release|Win32.ActiveCfg = Release|Win32
		{71AD2674-065B-48F5-B8B0-E1F9D3892081}.Release|Win32.Build.0 = Release|Win32
		{71AD2674-065B-48F5-B8B0-E1F9D3892081}.Release|x64.ActiveCfg = Release|x64
		{71AD2674-065B-48F5-B8B0-E1F9D3892081}.Release|x64.Build.0 = Release|x64
		{71AD2674-065B-48F5-B8B0-E1F9D3892081}.RelWithDebInfo|Win32.ActiveCfg = Release|Win32
		{71AD2674-065B-48F5-B8B0-E1F9D3892081}.RelWithDebInfo|Win32.Build.0 = Release|Win32
		{71AD2674-065B-48F5-B8B0-E1F9D3892081}.RelWithDebInfo|x64.ActiveCfg = Release|x64
		{71AD2674-065B-48F5-B8B0-E1F9D3892081}.RelWithDebInfo|x64.Build.0 = Release|x64
		{EE47764E-A202-4F85-A767-ABDAB4AFF35F}.Debug|Win32.ActiveCfg = Debug|Win32
		{EE47764E-A202-4F85-A767-ABDAB4AFF35F}.Debug|Win32.Build.0 = Debug|Win32
		{EE47764E-A202-4F85-A767-ABDAB4AFF35F}.Debug|x64.ActiveCfg = Debug|x64
		{EE47764E-A202-4F85-A767-ABDAB4AFF35F}.Debug|x64.Build.0 = Debug|x64
		{EE47764E-A202-4F85-A767-ABDAB4AFF35F}.MinSizeRel|Win32.ActiveCfg = Release|Win32
		{EE47764E-A202-4F85-A767-ABDAB4AFF35F}.MinSizeRel|Win32.Build.0 = Release|Win32
		{EE47764E-A202-4F85-A767-ABDAB4AFF35F}.MinSizeRel|x64.ActiveCfg = Release|x64
		{EE47764E-A202-4F85-A767-ABDAB4AFF35F}.MinSizeRel|x64.Build.0 = Release|x64
		{EE47764E-A202-4F85-A767-ABDAB4AFF35F}.Release|Win32.ActiveCfg = Release|Win32
		{EE47764E-A202-4F85-A767-ABDAB4AFF35F}.Release|Win32.Build.0 = Release|Win32
		{EE47764E-A202-4F85-A767-ABDAB4AFF35F}.Release|x64.ActiveCfg = Release|x64
		{EE47764E-A202-4F85-A767-ABDAB4AFF35F}.Release|x64.Build.0 = Release|x64
		{EE47764E-A202-4F85-A767-ABDAB4AFF35F}.RelWithDebInfo|Win32.ActiveCfg = Release|Win32
		{EE47764E-A202-4F85-A767-ABDAB4AFF35F}.RelWithDebInfo|Win32.Build.0 = Release|Win32
		{EE47764E-A202-4F85-A767-ABDAB4AFF35F}.RelWithDebInfo|x64.ActiveCfg = Release|x64
		{EE47764E-A202-4F85-A767-ABDAB4AFF35F}.RelWithDebInfo|x64.Build.0 = Release|x64
		{E8091321-D79D-4575-86EF-064EA1A4A20D}.Debug|Win32.ActiveCfg = Debug|Win32
		{E8091321-D79D-4575-86EF-064EA1A4A20D}.Debug|Win32.Build.0 = Debug|Win32
		{E8091321-D79D-4575-86EF-064EA1A4A20D}.Debug|x64.ActiveCfg = Debug|x64
		{E8091321-D79D-4575-86EF-064EA1A4A20D}.Debug|x64.Build.0 = Debug|x64
		{E8091321-D79D-4575-86EF-064EA1A4A20D}.MinSizeRel|Win32.ActiveCfg = Release|Win32
		{E8091321-D79D-4575-86EF-064EA1A4A20D}.MinSizeRel|Win32.Build.0 = Release|Win32
		{E8091321-D79D-4575-86EF-064EA1A4A20D}.MinSizeRel|x64.ActiveCfg = Release|x64
		{E8091321-D79D-4575-86EF-064EA1A4A20D}.MinSizeRel|x64.Build.0 = Release|x64
		{E8091321-D79D-4575-86EF-064EA1A4A20D}.Release|Win32.ActiveCfg = Release|Win32
		{E8091321-D79D-4575-86EF-064EA1A4A20D}.Release|Win32.Build.0 = Release|Win32
		{E8091321-D79D-4575-86EF-064EA1A4A20D}.Release|x64.ActiveCfg = Release|x64
		{E8091321-D79D-4575-86EF-064EA1A4A20D}.Release|x64.Build.0 = Release|x64
		{E8091321-D79D-4575-86EF-064EA1A4A20D}.RelWithDebInfo|Win32.ActiveCfg = Release|Win32
		{E8091321-D79D-4575-86EF-064EA1A4A20D}.RelWithDebInfo|Win32.Build.0 = Release|Win32
		{E8091321-D79D-4575-86EF-064EA1A4A20D}.RelWithDebInfo|x64.ActiveCfg = Release|x64
		{E8091321-D79D-4575-86EF-064EA1A4A20D}.RelWithDebInfo|x64.Build.0 = Release|x64
	EndGlobalSection
	GlobalSection(SolutionProperties) = preSolution
		HideSolutionNode = FALSE
	EndGlobalSection
	GlobalSection(ExtensibilityGlobals) = postSolution
		SolutionGuid = {93D1596B-87A5-47D5-ABDF-42E7A0A3801C}
	EndGlobalSection
EndGlobal
